
Microsoft Visual Studio Solution File, Format Version 12.00
# Visual Studio 14
VisualStudioVersion = 14.0.25420.1
MinimumVisualStudioVersion = 10.0.40219.1
Project("{FAE04EC0-301F-11D3-BF4B-00C04F79EFBC}") = "Xamarin.Converter", "Xamarin.Converter\Xamarin.Converter\Xamarin.Converter.csproj", "{C1E501C4-FD91-4B77-88EF-D5A075908B94}"
EndProject
Project("{FAE04EC0-301F-11D3-BF4B-00C04F79EFBC}") = "Xamarin.Converter.Droid", "Xamarin.Converter\Xamarin.Converter.Droid\Xamarin.Converter.Droid.csproj", "{D37B738A-39A8-47E7-BFB2-B90525ED2980}"
EndProject
Project("{FAE04EC0-301F-11D3-BF4B-00C04F79EFBC}") = "Xamarin.Converter.iOS", "Xamarin.Converter\Xamarin.Converter.iOS\Xamarin.Converter.iOS.csproj", "{FCCC5882-95E8-45CD-91E7-675470B55092}"
EndProject
Project("{FAE04EC0-301F-11D3-BF4B-00C04F79EFBC}") = "Xamarin.Converter.WinPhone", "Xamarin.Converter\Xamarin.Converter.WinPhone\Xamarin.Converter.WinPhone.csproj", "{FC5720E1-E017-4765-BF82-8D02671F53F6}"
EndProject
Project("{FAE04EC0-301F-11D3-BF4B-00C04F79EFBC}") = "Xamarin.Converter.UWP", "Xamarin.Converter\Xamarin.Converter.UWP\Xamarin.Converter.UWP.csproj", "{31416A36-CCAF-49AB-9A99-6DB967CFC982}"
EndProject
Project("{FAE04EC0-301F-11D3-BF4B-00C04F79EFBC}") = "Xamarin.Converter.Windows", "Xamarin.Converter\Xamarin.Converter.Windows\Xamarin.Converter.Windows.csproj", "{B70BE590-6106-4D80-94E8-81470053B809}"
EndProject
Global
	GlobalSection(SolutionConfigurationPlatforms) = preSolution
		Ad-Hoc|Any CPU = Ad-Hoc|Any CPU
		Ad-Hoc|ARM = Ad-Hoc|ARM
		Ad-Hoc|iPhone = Ad-Hoc|iPhone
		Ad-Hoc|iPhoneSimulator = Ad-Hoc|iPhoneSimulator
		Ad-Hoc|x64 = Ad-Hoc|x64
		Ad-Hoc|x86 = Ad-Hoc|x86
		AppStore|Any CPU = AppStore|Any CPU
		AppStore|ARM = AppStore|ARM
		AppStore|iPhone = AppStore|iPhone
		AppStore|iPhoneSimulator = AppStore|iPhoneSimulator
		AppStore|x64 = AppStore|x64
		AppStore|x86 = AppStore|x86
		Debug|Any CPU = Debug|Any CPU
		Debug|ARM = Debug|ARM
		Debug|iPhone = Debug|iPhone
		Debug|iPhoneSimulator = Debug|iPhoneSimulator
		Debug|x64 = Debug|x64
		Debug|x86 = Debug|x86
		Release|Any CPU = Release|Any CPU
		Release|ARM = Release|ARM
		Release|iPhone = Release|iPhone
		Release|iPhoneSimulator = Release|iPhoneSimulator
		Release|x64 = Release|x64
		Release|x86 = Release|x86
	EndGlobalSection
	GlobalSection(ProjectConfigurationPlatforms) = postSolution
		{C1E501C4-FD91-4B77-88EF-D5A075908B94}.Ad-Hoc|Any CPU.ActiveCfg = Release|Any CPU
		{C1E501C4-FD91-4B77-88EF-D5A075908B94}.Ad-Hoc|Any CPU.Build.0 = Release|Any CPU
		{C1E501C4-FD91-4B77-88EF-D5A075908B94}.Ad-Hoc|ARM.ActiveCfg = Release|Any CPU
		{C1E501C4-FD91-4B77-88EF-D5A075908B94}.Ad-Hoc|ARM.Build.0 = Release|Any CPU
		{C1E501C4-FD91-4B77-88EF-D5A075908B94}.Ad-Hoc|iPhone.ActiveCfg = Release|Any CPU
		{C1E501C4-FD91-4B77-88EF-D5A075908B94}.Ad-Hoc|iPhone.Build.0 = Release|Any CPU
		{C1E501C4-FD91-4B77-88EF-D5A075908B94}.Ad-Hoc|iPhoneSimulator.ActiveCfg = Release|Any CPU
		{C1E501C4-FD91-4B77-88EF-D5A075908B94}.Ad-Hoc|iPhoneSimulator.Build.0 = Release|Any CPU
		{C1E501C4-FD91-4B77-88EF-D5A075908B94}.Ad-Hoc|x64.ActiveCfg = Release|Any CPU
		{C1E501C4-FD91-4B77-88EF-D5A075908B94}.Ad-Hoc|x64.Build.0 = Release|Any CPU
		{C1E501C4-FD91-4B77-88EF-D5A075908B94}.Ad-Hoc|x86.ActiveCfg = Release|Any CPU
		{C1E501C4-FD91-4B77-88EF-D5A075908B94}.Ad-Hoc|x86.Build.0 = Release|Any CPU
		{C1E501C4-FD91-4B77-88EF-D5A075908B94}.AppStore|Any CPU.ActiveCfg = Release|Any CPU
		{C1E501C4-FD91-4B77-88EF-D5A075908B94}.AppStore|Any CPU.Build.0 = Release|Any CPU
		{C1E501C4-FD91-4B77-88EF-D5A075908B94}.AppStore|ARM.ActiveCfg = Release|Any CPU
		{C1E501C4-FD91-4B77-88EF-D5A075908B94}.AppStore|ARM.Build.0 = Release|Any CPU
		{C1E501C4-FD91-4B77-88EF-D5A075908B94}.AppStore|iPhone.ActiveCfg = Release|Any CPU
		{C1E501C4-FD91-4B77-88EF-D5A075908B94}.AppStore|iPhone.Build.0 = Release|Any CPU
		{C1E501C4-FD91-4B77-88EF-D5A075908B94}.AppStore|iPhoneSimulator.ActiveCfg = Release|Any CPU
		{C1E501C4-FD91-4B77-88EF-D5A075908B94}.AppStore|iPhoneSimulator.Build.0 = Release|Any CPU
		{C1E501C4-FD91-4B77-88EF-D5A075908B94}.AppStore|x64.ActiveCfg = Release|Any CPU
		{C1E501C4-FD91-4B77-88EF-D5A075908B94}.AppStore|x64.Build.0 = Release|Any CPU
		{C1E501C4-FD91-4B77-88EF-D5A075908B94}.AppStore|x86.ActiveCfg = Release|Any CPU
		{C1E501C4-FD91-4B77-88EF-D5A075908B94}.AppStore|x86.Build.0 = Release|Any CPU
		{C1E501C4-FD91-4B77-88EF-D5A075908B94}.Debug|Any CPU.ActiveCfg = Debug|Any CPU
		{C1E501C4-FD91-4B77-88EF-D5A075908B94}.Debug|Any CPU.Build.0 = Debug|Any CPU
		{C1E501C4-FD91-4B77-88EF-D5A075908B94}.Debug|ARM.ActiveCfg = Debug|Any CPU
		{C1E501C4-FD91-4B77-88EF-D5A075908B94}.Debug|ARM.Build.0 = Debug|Any CPU
		{C1E501C4-FD91-4B77-88EF-D5A075908B94}.Debug|iPhone.ActiveCfg = Debug|Any CPU
		{C1E501C4-FD91-4B77-88EF-D5A075908B94}.Debug|iPhone.Build.0 = Debug|Any CPU
		{C1E501C4-FD91-4B77-88EF-D5A075908B94}.Debug|iPhoneSimulator.ActiveCfg = Debug|Any CPU
		{C1E501C4-FD91-4B77-88EF-D5A075908B94}.Debug|iPhoneSimulator.Build.0 = Debug|Any CPU
		{C1E501C4-FD91-4B77-88EF-D5A075908B94}.Debug|x64.ActiveCfg = Debug|Any CPU
		{C1E501C4-FD91-4B77-88EF-D5A075908B94}.Debug|x64.Build.0 = Debug|Any CPU
		{C1E501C4-FD91-4B77-88EF-D5A075908B94}.Debug|x86.ActiveCfg = Debug|Any CPU
		{C1E501C4-FD91-4B77-88EF-D5A075908B94}.Debug|x86.Build.0 = Debug|Any CPU
		{C1E501C4-FD91-4B77-88EF-D5A075908B94}.Release|Any CPU.ActiveCfg = Release|Any CPU
		{C1E501C4-FD91-4B77-88EF-D5A075908B94}.Release|Any CPU.Build.0 = Release|Any CPU
		{C1E501C4-FD91-4B77-88EF-D5A075908B94}.Release|ARM.ActiveCfg = Release|Any CPU
		{C1E501C4-FD91-4B77-88EF-D5A075908B94}.Release|ARM.Build.0 = Release|Any CPU
		{C1E501C4-FD91-4B77-88EF-D5A075908B94}.Release|iPhone.ActiveCfg = Release|Any CPU
		{C1E501C4-FD91-4B77-88EF-D5A075908B94}.Release|iPhone.Build.0 = Release|Any CPU
		{C1E501C4-FD91-4B77-88EF-D5A075908B94}.Release|iPhoneSimulator.ActiveCfg = Release|Any CPU
		{C1E501C4-FD91-4B77-88EF-D5A075908B94}.Release|iPhoneSimulator.Build.0 = Release|Any CPU
		{C1E501C4-FD91-4B77-88EF-D5A075908B94}.Release|x64.ActiveCfg = Release|Any CPU
		{C1E501C4-FD91-4B77-88EF-D5A075908B94}.Release|x64.Build.0 = Release|Any CPU
		{C1E501C4-FD91-4B77-88EF-D5A075908B94}.Release|x86.ActiveCfg = Release|Any CPU
		{C1E501C4-FD91-4B77-88EF-D5A075908B94}.Release|x86.Build.0 = Release|Any CPU
		{D37B738A-39A8-47E7-BFB2-B90525ED2980}.Ad-Hoc|Any CPU.ActiveCfg = Release|Any CPU
		{D37B738A-39A8-47E7-BFB2-B90525ED2980}.Ad-Hoc|Any CPU.Build.0 = Release|Any CPU
		{D37B738A-39A8-47E7-BFB2-B90525ED2980}.Ad-Hoc|Any CPU.Deploy.0 = Release|Any CPU
		{D37B738A-39A8-47E7-BFB2-B90525ED2980}.Ad-Hoc|ARM.ActiveCfg = Release|Any CPU
		{D37B738A-39A8-47E7-BFB2-B90525ED2980}.Ad-Hoc|ARM.Build.0 = Release|Any CPU
		{D37B738A-39A8-47E7-BFB2-B90525ED2980}.Ad-Hoc|ARM.Deploy.0 = Release|Any CPU
		{D37B738A-39A8-47E7-BFB2-B90525ED2980}.Ad-Hoc|iPhone.ActiveCfg = Release|Any CPU
		{D37B738A-39A8-47E7-BFB2-B90525ED2980}.Ad-Hoc|iPhone.Build.0 = Release|Any CPU
		{D37B738A-39A8-47E7-BFB2-B90525ED2980}.Ad-Hoc|iPhone.Deploy.0 = Release|Any CPU
		{D37B738A-39A8-47E7-BFB2-B90525ED2980}.Ad-Hoc|iPhoneSimulator.ActiveCfg = Release|Any CPU
		{D37B738A-39A8-47E7-BFB2-B90525ED2980}.Ad-Hoc|iPhoneSimulator.Build.0 = Release|Any CPU
		{D37B738A-39A8-47E7-BFB2-B90525ED2980}.Ad-Hoc|iPhoneSimulator.Deploy.0 = Release|Any CPU
		{D37B738A-39A8-47E7-BFB2-B90525ED2980}.Ad-Hoc|x64.ActiveCfg = Release|Any CPU
		{D37B738A-39A8-47E7-BFB2-B90525ED2980}.Ad-Hoc|x64.Build.0 = Release|Any CPU
		{D37B738A-39A8-47E7-BFB2-B90525ED2980}.Ad-Hoc|x64.Deploy.0 = Release|Any CPU
		{D37B738A-39A8-47E7-BFB2-B90525ED2980}.Ad-Hoc|x86.ActiveCfg = Release|Any CPU
		{D37B738A-39A8-47E7-BFB2-B90525ED2980}.Ad-Hoc|x86.Build.0 = Release|Any CPU
		{D37B738A-39A8-47E7-BFB2-B90525ED2980}.Ad-Hoc|x86.Deploy.0 = Release|Any CPU
		{D37B738A-39A8-47E7-BFB2-B90525ED2980}.AppStore|Any CPU.ActiveCfg = Release|Any CPU
		{D37B738A-39A8-47E7-BFB2-B90525ED2980}.AppStore|Any CPU.Build.0 = Release|Any CPU
		{D37B738A-39A8-47E7-BFB2-B90525ED2980}.AppStore|Any CPU.Deploy.0 = Release|Any CPU
		{D37B738A-39A8-47E7-BFB2-B90525ED2980}.AppStore|ARM.ActiveCfg = Release|Any CPU
		{D37B738A-39A8-47E7-BFB2-B90525ED2980}.AppStore|ARM.Build.0 = Release|Any CPU
		{D37B738A-39A8-47E7-BFB2-B90525ED2980}.AppStore|ARM.Deploy.0 = Release|Any CPU
		{D37B738A-39A8-47E7-BFB2-B90525ED2980}.AppStore|iPhone.ActiveCfg = Release|Any CPU
		{D37B738A-39A8-47E7-BFB2-B90525ED2980}.AppStore|iPhone.Build.0 = Release|Any CPU
		{D37B738A-39A8-47E7-BFB2-B90525ED2980}.AppStore|iPhone.Deploy.0 = Release|Any CPU
		{D37B738A-39A8-47E7-BFB2-B90525ED2980}.AppStore|iPhoneSimulator.ActiveCfg = Release|Any CPU
		{D37B738A-39A8-47E7-BFB2-B90525ED2980}.AppStore|iPhoneSimulator.Build.0 = Release|Any CPU
		{D37B738A-39A8-47E7-BFB2-B90525ED2980}.AppStore|iPhoneSimulator.Deploy.0 = Release|Any CPU
		{D37B738A-39A8-47E7-BFB2-B90525ED2980}.AppStore|x64.ActiveCfg = Release|Any CPU
		{D37B738A-39A8-47E7-BFB2-B90525ED2980}.AppStore|x64.Build.0 = Release|Any CPU
		{D37B738A-39A8-47E7-BFB2-B90525ED2980}.AppStore|x64.Deploy.0 = Release|Any CPU
		{D37B738A-39A8-47E7-BFB2-B90525ED2980}.AppStore|x86.ActiveCfg = Release|Any CPU
		{D37B738A-39A8-47E7-BFB2-B90525ED2980}.AppStore|x86.Build.0 = Release|Any CPU
		{D37B738A-39A8-47E7-BFB2-B90525ED2980}.AppStore|x86.Deploy.0 = Release|Any CPU
		{D37B738A-39A8-47E7-BFB2-B90525ED2980}.Debug|Any CPU.ActiveCfg = Debug|Any CPU
		{D37B738A-39A8-47E7-BFB2-B90525ED2980}.Debug|Any CPU.Build.0 = Debug|Any CPU
		{D37B738A-39A8-47E7-BFB2-B90525ED2980}.Debug|Any CPU.Deploy.0 = Debug|Any CPU
		{D37B738A-39A8-47E7-BFB2-B90525ED2980}.Debug|ARM.ActiveCfg = Debug|Any CPU
		{D37B738A-39A8-47E7-BFB2-B90525ED2980}.Debug|ARM.Build.0 = Debug|Any CPU
		{D37B738A-39A8-47E7-BFB2-B90525ED2980}.Debug|ARM.Deploy.0 = Debug|Any CPU
		{D37B738A-39A8-47E7-BFB2-B90525ED2980}.Debug|iPhone.ActiveCfg = Debug|Any CPU
		{D37B738A-39A8-47E7-BFB2-B90525ED2980}.Debug|iPhone.Build.0 = Debug|Any CPU
		{D37B738A-39A8-47E7-BFB2-B90525ED2980}.Debug|iPhone.Deploy.0 = Debug|Any CPU
		{D37B738A-39A8-47E7-BFB2-B90525ED2980}.Debug|iPhoneSimulator.ActiveCfg = Debug|Any CPU
		{D37B738A-39A8-47E7-BFB2-B90525ED2980}.Debug|iPhoneSimulator.Build.0 = Debug|Any CPU
		{D37B738A-39A8-47E7-BFB2-B90525ED2980}.Debug|iPhoneSimulator.Deploy.0 = Debug|Any CPU
		{D37B738A-39A8-47E7-BFB2-B90525ED2980}.Debug|x64.ActiveCfg = Debug|Any CPU
		{D37B738A-39A8-47E7-BFB2-B90525ED2980}.Debug|x64.Build.0 = Debug|Any CPU
		{D37B738A-39A8-47E7-BFB2-B90525ED2980}.Debug|x64.Deploy.0 = Debug|Any CPU
		{D37B738A-39A8-47E7-BFB2-B90525ED2980}.Debug|x86.ActiveCfg = Debug|Any CPU
		{D37B738A-39A8-47E7-BFB2-B90525ED2980}.Debug|x86.Build.0 = Debug|Any CPU
		{D37B738A-39A8-47E7-BFB2-B90525ED2980}.Debug|x86.Deploy.0 = Debug|Any CPU
		{D37B738A-39A8-47E7-BFB2-B90525ED2980}.Release|Any CPU.ActiveCfg = Release|Any CPU
		{D37B738A-39A8-47E7-BFB2-B90525ED2980}.Release|Any CPU.Build.0 = Release|Any CPU
		{D37B738A-39A8-47E7-BFB2-B90525ED2980}.Release|Any CPU.Deploy.0 = Release|Any CPU
		{D37B738A-39A8-47E7-BFB2-B90525ED2980}.Release|ARM.ActiveCfg = Release|Any CPU
		{D37B738A-39A8-47E7-BFB2-B90525ED2980}.Release|ARM.Build.0 = Release|Any CPU
		{D37B738A-39A8-47E7-BFB2-B90525ED2980}.Release|ARM.Deploy.0 = Release|Any CPU
		{D37B738A-39A8-47E7-BFB2-B90525ED2980}.Release|iPhone.ActiveCfg = Release|Any CPU
		{D37B738A-39A8-47E7-BFB2-B90525ED2980}.Release|iPhone.Build.0 = Release|Any CPU
		{D37B738A-39A8-47E7-BFB2-B90525ED2980}.Release|iPhone.Deploy.0 = Release|Any CPU
		{D37B738A-39A8-47E7-BFB2-B90525ED2980}.Release|iPhoneSimulator.ActiveCfg = Release|Any CPU
		{D37B738A-39A8-47E7-BFB2-B90525ED2980}.Release|iPhoneSimulator.Build.0 = Release|Any CPU
		{D37B738A-39A8-47E7-BFB2-B90525ED2980}.Release|iPhoneSimulator.Deploy.0 = Release|Any CPU
		{D37B738A-39A8-47E7-BFB2-B90525ED2980}.Release|x64.ActiveCfg = Release|Any CPU
		{D37B738A-39A8-47E7-BFB2-B90525ED2980}.Release|x64.Build.0 = Release|Any CPU
		{D37B738A-39A8-47E7-BFB2-B90525ED2980}.Release|x64.Deploy.0 = Release|Any CPU
		{D37B738A-39A8-47E7-BFB2-B90525ED2980}.Release|x86.ActiveCfg = Release|Any CPU
		{D37B738A-39A8-47E7-BFB2-B90525ED2980}.Release|x86.Build.0 = Release|Any CPU
		{D37B738A-39A8-47E7-BFB2-B90525ED2980}.Release|x86.Deploy.0 = Release|Any CPU
		{FCCC5882-95E8-45CD-91E7-675470B55092}.Ad-Hoc|Any CPU.ActiveCfg = Ad-Hoc|iPhone
		{FCCC5882-95E8-45CD-91E7-675470B55092}.Ad-Hoc|ARM.ActiveCfg = Ad-Hoc|iPhone
		{FCCC5882-95E8-45CD-91E7-675470B55092}.Ad-Hoc|iPhone.ActiveCfg = Ad-Hoc|iPhone
		{FCCC5882-95E8-45CD-91E7-675470B55092}.Ad-Hoc|iPhone.Build.0 = Ad-Hoc|iPhone
		{FCCC5882-95E8-45CD-91E7-675470B55092}.Ad-Hoc|iPhoneSimulator.ActiveCfg = Ad-Hoc|iPhoneSimulator
		{FCCC5882-95E8-45CD-91E7-675470B55092}.Ad-Hoc|iPhoneSimulator.Build.0 = Ad-Hoc|iPhoneSimulator
		{FCCC5882-95E8-45CD-91E7-675470B55092}.Ad-Hoc|x64.ActiveCfg = Ad-Hoc|iPhone
		{FCCC5882-95E8-45CD-91E7-675470B55092}.Ad-Hoc|x86.ActiveCfg = Ad-Hoc|iPhone
		{FCCC5882-95E8-45CD-91E7-675470B55092}.AppStore|Any CPU.ActiveCfg = AppStore|iPhone
		{FCCC5882-95E8-45CD-91E7-675470B55092}.AppStore|ARM.ActiveCfg = AppStore|iPhone
		{FCCC5882-95E8-45CD-91E7-675470B55092}.AppStore|iPhone.ActiveCfg = AppStore|iPhone
		{FCCC5882-95E8-45CD-91E7-675470B55092}.AppStore|iPhone.Build.0 = AppStore|iPhone
		{FCCC5882-95E8-45CD-91E7-675470B55092}.AppStore|iPhoneSimulator.ActiveCfg = AppStore|iPhoneSimulator
		{FCCC5882-95E8-45CD-91E7-675470B55092}.AppStore|iPhoneSimulator.Build.0 = AppStore|iPhoneSimulator
		{FCCC5882-95E8-45CD-91E7-675470B55092}.AppStore|x64.ActiveCfg = AppStore|iPhone
		{FCCC5882-95E8-45CD-91E7-675470B55092}.AppStore|x86.ActiveCfg = AppStore|iPhone
		{FCCC5882-95E8-45CD-91E7-675470B55092}.Debug|Any CPU.ActiveCfg = Debug|iPhone
		{FCCC5882-95E8-45CD-91E7-675470B55092}.Debug|ARM.ActiveCfg = Debug|iPhone
		{FCCC5882-95E8-45CD-91E7-675470B55092}.Debug|iPhone.ActiveCfg = Debug|iPhone
		{FCCC5882-95E8-45CD-91E7-675470B55092}.Debug|iPhone.Build.0 = Debug|iPhone
		{FCCC5882-95E8-45CD-91E7-675470B55092}.Debug|iPhoneSimulator.ActiveCfg = Debug|iPhoneSimulator
		{FCCC5882-95E8-45CD-91E7-675470B55092}.Debug|iPhoneSimulator.Build.0 = Debug|iPhoneSimulator
		{FCCC5882-95E8-45CD-91E7-675470B55092}.Debug|x64.ActiveCfg = Debug|iPhone
		{FCCC5882-95E8-45CD-91E7-675470B55092}.Debug|x86.ActiveCfg = Debug|iPhone
		{FCCC5882-95E8-45CD-91E7-675470B55092}.Release|Any CPU.ActiveCfg = Release|iPhone
		{FCCC5882-95E8-45CD-91E7-675470B55092}.Release|ARM.ActiveCfg = Release|iPhone
		{FCCC5882-95E8-45CD-91E7-675470B55092}.Release|iPhone.ActiveCfg = Release|iPhone
		{FCCC5882-95E8-45CD-91E7-675470B55092}.Release|iPhone.Build.0 = Release|iPhone
		{FCCC5882-95E8-45CD-91E7-675470B55092}.Release|iPhoneSimulator.ActiveCfg = Release|iPhoneSimulator
		{FCCC5882-95E8-45CD-91E7-675470B55092}.Release|iPhoneSimulator.Build.0 = Release|iPhoneSimulator
		{FCCC5882-95E8-45CD-91E7-675470B55092}.Release|x64.ActiveCfg = Release|iPhone
		{FCCC5882-95E8-45CD-91E7-675470B55092}.Release|x86.ActiveCfg = Release|iPhone
		{FC5720E1-E017-4765-BF82-8D02671F53F6}.Ad-Hoc|Any CPU.ActiveCfg = Release|Any CPU
		{FC5720E1-E017-4765-BF82-8D02671F53F6}.Ad-Hoc|Any CPU.Build.0 = Release|Any CPU
		{FC5720E1-E017-4765-BF82-8D02671F53F6}.Ad-Hoc|Any CPU.Deploy.0 = Release|Any CPU
		{FC5720E1-E017-4765-BF82-8D02671F53F6}.Ad-Hoc|ARM.ActiveCfg = Release|ARM
		{FC5720E1-E017-4765-BF82-8D02671F53F6}.Ad-Hoc|ARM.Build.0 = Release|ARM
		{FC5720E1-E017-4765-BF82-8D02671F53F6}.Ad-Hoc|ARM.Deploy.0 = Release|ARM
		{FC5720E1-E017-4765-BF82-8D02671F53F6}.Ad-Hoc|iPhone.ActiveCfg = Release|Any CPU
		{FC5720E1-E017-4765-BF82-8D02671F53F6}.Ad-Hoc|iPhone.Build.0 = Release|Any CPU
		{FC5720E1-E017-4765-BF82-8D02671F53F6}.Ad-Hoc|iPhone.Deploy.0 = Release|Any CPU
		{FC5720E1-E017-4765-BF82-8D02671F53F6}.Ad-Hoc|iPhoneSimulator.ActiveCfg = Release|Any CPU
		{FC5720E1-E017-4765-BF82-8D02671F53F6}.Ad-Hoc|iPhoneSimulator.Build.0 = Release|Any CPU
		{FC5720E1-E017-4765-BF82-8D02671F53F6}.Ad-Hoc|iPhoneSimulator.Deploy.0 = Release|Any CPU
		{FC5720E1-E017-4765-BF82-8D02671F53F6}.Ad-Hoc|x64.ActiveCfg = Release|Any CPU
		{FC5720E1-E017-4765-BF82-8D02671F53F6}.Ad-Hoc|x64.Build.0 = Release|Any CPU
		{FC5720E1-E017-4765-BF82-8D02671F53F6}.Ad-Hoc|x64.Deploy.0 = Release|Any CPU
		{FC5720E1-E017-4765-BF82-8D02671F53F6}.Ad-Hoc|x86.ActiveCfg = Release|x86
		{FC5720E1-E017-4765-BF82-8D02671F53F6}.Ad-Hoc|x86.Build.0 = Release|x86
		{FC5720E1-E017-4765-BF82-8D02671F53F6}.Ad-Hoc|x86.Deploy.0 = Release|x86
		{FC5720E1-E017-4765-BF82-8D02671F53F6}.AppStore|Any CPU.ActiveCfg = Release|Any CPU
		{FC5720E1-E017-4765-BF82-8D02671F53F6}.AppStore|Any CPU.Build.0 = Release|Any CPU
		{FC5720E1-E017-4765-BF82-8D02671F53F6}.AppStore|Any CPU.Deploy.0 = Release|Any CPU
		{FC5720E1-E017-4765-BF82-8D02671F53F6}.AppStore|ARM.ActiveCfg = Release|ARM
		{FC5720E1-E017-4765-BF82-8D02671F53F6}.AppStore|ARM.Build.0 = Release|ARM
		{FC5720E1-E017-4765-BF82-8D02671F53F6}.AppStore|ARM.Deploy.0 = Release|ARM
		{FC5720E1-E017-4765-BF82-8D02671F53F6}.AppStore|iPhone.ActiveCfg = Release|Any CPU
		{FC5720E1-E017-4765-BF82-8D02671F53F6}.AppStore|iPhone.Build.0 = Release|Any CPU
		{FC5720E1-E017-4765-BF82-8D02671F53F6}.AppStore|iPhone.Deploy.0 = Release|Any CPU
		{FC5720E1-E017-4765-BF82-8D02671F53F6}.AppStore|iPhoneSimulator.ActiveCfg = Release|Any CPU
		{FC5720E1-E017-4765-BF82-8D02671F53F6}.AppStore|iPhoneSimulator.Build.0 = Release|Any CPU
		{FC5720E1-E017-4765-BF82-8D02671F53F6}.AppStore|iPhoneSimulator.Deploy.0 = Release|Any CPU
		{FC5720E1-E017-4765-BF82-8D02671F53F6}.AppStore|x64.ActiveCfg = Release|Any CPU
		{FC5720E1-E017-4765-BF82-8D02671F53F6}.AppStore|x64.Build.0 = Release|Any CPU
		{FC5720E1-E017-4765-BF82-8D02671F53F6}.AppStore|x64.Deploy.0 = Release|Any CPU
		{FC5720E1-E017-4765-BF82-8D02671F53F6}.AppStore|x86.ActiveCfg = Release|x86
		{FC5720E1-E017-4765-BF82-8D02671F53F6}.AppStore|x86.Build.0 = Release|x86
		{FC5720E1-E017-4765-BF82-8D02671F53F6}.AppStore|x86.Deploy.0 = Release|x86
		{FC5720E1-E017-4765-BF82-8D02671F53F6}.Debug|Any CPU.ActiveCfg = Debug|Any CPU
		{FC5720E1-E017-4765-BF82-8D02671F53F6}.Debug|Any CPU.Build.0 = Debug|Any CPU
		{FC5720E1-E017-4765-BF82-8D02671F53F6}.Debug|Any CPU.Deploy.0 = Debug|Any CPU
		{FC5720E1-E017-4765-BF82-8D02671F53F6}.Debug|ARM.ActiveCfg = Debug|ARM
		{FC5720E1-E017-4765-BF82-8D02671F53F6}.Debug|ARM.Build.0 = Debug|ARM
		{FC5720E1-E017-4765-BF82-8D02671F53F6}.Debug|ARM.Deploy.0 = Debug|ARM
		{FC5720E1-E017-4765-BF82-8D02671F53F6}.Debug|iPhone.ActiveCfg = Debug|Any CPU
		{FC5720E1-E017-4765-BF82-8D02671F53F6}.Debug|iPhone.Build.0 = Debug|Any CPU
		{FC5720E1-E017-4765-BF82-8D02671F53F6}.Debug|iPhone.Deploy.0 = Debug|Any CPU
		{FC5720E1-E017-4765-BF82-8D02671F53F6}.Debug|iPhoneSimulator.ActiveCfg = Debug|Any CPU
		{FC5720E1-E017-4765-BF82-8D02671F53F6}.Debug|iPhoneSimulator.Build.0 = Debug|Any CPU
		{FC5720E1-E017-4765-BF82-8D02671F53F6}.Debug|iPhoneSimulator.Deploy.0 = Debug|Any CPU
		{FC5720E1-E017-4765-BF82-8D02671F53F6}.Debug|x64.ActiveCfg = Debug|Any CPU
		{FC5720E1-E017-4765-BF82-8D02671F53F6}.Debug|x64.Build.0 = Debug|Any CPU
		{FC5720E1-E017-4765-BF82-8D02671F53F6}.Debug|x64.Deploy.0 = Debug|Any CPU
		{FC5720E1-E017-4765-BF82-8D02671F53F6}.Debug|x86.ActiveCfg = Debug|x86
		{FC5720E1-E017-4765-BF82-8D02671F53F6}.Debug|x86.Build.0 = Debug|x86
		{FC5720E1-E017-4765-BF82-8D02671F53F6}.Debug|x86.Deploy.0 = Debug|x86
		{FC5720E1-E017-4765-BF82-8D02671F53F6}.Release|Any CPU.ActiveCfg = Release|Any CPU
		{FC5720E1-E017-4765-BF82-8D02671F53F6}.Release|Any CPU.Build.0 = Release|Any CPU
		{FC5720E1-E017-4765-BF82-8D02671F53F6}.Release|Any CPU.Deploy.0 = Release|Any CPU
		{FC5720E1-E017-4765-BF82-8D02671F53F6}.Release|ARM.ActiveCfg = Release|ARM
		{FC5720E1-E017-4765-BF82-8D02671F53F6}.Release|ARM.Build.0 = Release|ARM
		{FC5720E1-E017-4765-BF82-8D02671F53F6}.Release|ARM.Deploy.0 = Release|ARM
		{FC5720E1-E017-4765-BF82-8D02671F53F6}.Release|iPhone.ActiveCfg = Release|Any CPU
		{FC5720E1-E017-4765-BF82-8D02671F53F6}.Release|iPhone.Build.0 = Release|Any CPU
		{FC5720E1-E017-4765-BF82-8D02671F53F6}.Release|iPhone.Deploy.0 = Release|Any CPU
		{FC5720E1-E017-4765-BF82-8D02671F53F6}.Release|iPhoneSimulator.ActiveCfg = Release|Any CPU
		{FC5720E1-E017-4765-BF82-8D02671F53F6}.Release|iPhoneSimulator.Build.0 = Release|Any CPU
		{FC5720E1-E017-4765-BF82-8D02671F53F6}.Release|iPhoneSimulator.Deploy.0 = Release|Any CPU
		{FC5720E1-E017-4765-BF82-8D02671F53F6}.Release|x64.ActiveCfg = Release|Any CPU
		{FC5720E1-E017-4765-BF82-8D02671F53F6}.Release|x64.Build.0 = Release|Any CPU
		{FC5720E1-E017-4765-BF82-8D02671F53F6}.Release|x64.Deploy.0 = Release|Any CPU
		{FC5720E1-E017-4765-BF82-8D02671F53F6}.Release|x86.ActiveCfg = Release|x86
		{FC5720E1-E017-4765-BF82-8D02671F53F6}.Release|x86.Build.0 = Release|x86
		{FC5720E1-E017-4765-BF82-8D02671F53F6}.Release|x86.Deploy.0 = Release|x86
		{31416A36-CCAF-49AB-9A99-6DB967CFC982}.Ad-Hoc|Any CPU.ActiveCfg = Release|x86
		{31416A36-CCAF-49AB-9A99-6DB967CFC982}.Ad-Hoc|Any CPU.Build.0 = Release|x86
		{31416A36-CCAF-49AB-9A99-6DB967CFC982}.Ad-Hoc|Any CPU.Deploy.0 = Release|x86
		{31416A36-CCAF-49AB-9A99-6DB967CFC982}.Ad-Hoc|ARM.ActiveCfg = Release|ARM
		{31416A36-CCAF-49AB-9A99-6DB967CFC982}.Ad-Hoc|ARM.Build.0 = Release|ARM
		{31416A36-CCAF-49AB-9A99-6DB967CFC982}.Ad-Hoc|ARM.Deploy.0 = Release|ARM
		{31416A36-CCAF-49AB-9A99-6DB967CFC982}.Ad-Hoc|iPhone.ActiveCfg = Release|x86
		{31416A36-CCAF-49AB-9A99-6DB967CFC982}.Ad-Hoc|iPhone.Build.0 = Release|x86
		{31416A36-CCAF-49AB-9A99-6DB967CFC982}.Ad-Hoc|iPhone.Deploy.0 = Release|x86
		{31416A36-CCAF-49AB-9A99-6DB967CFC982}.Ad-Hoc|iPhoneSimulator.ActiveCfg = Release|x86
		{31416A36-CCAF-49AB-9A99-6DB967CFC982}.Ad-Hoc|iPhoneSimulator.Build.0 = Release|x86
		{31416A36-CCAF-49AB-9A99-6DB967CFC982}.Ad-Hoc|iPhoneSimulator.Deploy.0 = Release|x86
		{31416A36-CCAF-49AB-9A99-6DB967CFC982}.Ad-Hoc|x64.ActiveCfg = Release|x64
		{31416A36-CCAF-49AB-9A99-6DB967CFC982}.Ad-Hoc|x64.Build.0 = Release|x64
		{31416A36-CCAF-49AB-9A99-6DB967CFC982}.Ad-Hoc|x64.Deploy.0 = Release|x64
		{31416A36-CCAF-49AB-9A99-6DB967CFC982}.Ad-Hoc|x86.ActiveCfg = Release|x86
		{31416A36-CCAF-49AB-9A99-6DB967CFC982}.Ad-Hoc|x86.Build.0 = Release|x86
		{31416A36-CCAF-49AB-9A99-6DB967CFC982}.Ad-Hoc|x86.Deploy.0 = Release|x86
		{31416A36-CCAF-49AB-9A99-6DB967CFC982}.AppStore|Any CPU.ActiveCfg = Release|x86
		{31416A36-CCAF-49AB-9A99-6DB967CFC982}.AppStore|Any CPU.Build.0 = Release|x86
		{31416A36-CCAF-49AB-9A99-6DB967CFC982}.AppStore|Any CPU.Deploy.0 = Release|x86
		{31416A36-CCAF-49AB-9A99-6DB967CFC982}.AppStore|ARM.ActiveCfg = Release|ARM
		{31416A36-CCAF-49AB-9A99-6DB967CFC982}.AppStore|ARM.Build.0 = Release|ARM
		{31416A36-CCAF-49AB-9A99-6DB967CFC982}.AppStore|ARM.Deploy.0 = Release|ARM
		{31416A36-CCAF-49AB-9A99-6DB967CFC982}.AppStore|iPhone.ActiveCfg = Release|x86
		{31416A36-CCAF-49AB-9A99-6DB967CFC982}.AppStore|iPhone.Build.0 = Release|x86
		{31416A36-CCAF-49AB-9A99-6DB967CFC982}.AppStore|iPhone.Deploy.0 = Release|x86
		{31416A36-CCAF-49AB-9A99-6DB967CFC982}.AppStore|iPhoneSimulator.ActiveCfg = Release|x86
		{31416A36-CCAF-49AB-9A99-6DB967CFC982}.AppStore|iPhoneSimulator.Build.0 = Release|x86
		{31416A36-CCAF-49AB-9A99-6DB967CFC982}.AppStore|iPhoneSimulator.Deploy.0 = Release|x86
		{31416A36-CCAF-49AB-9A99-6DB967CFC982}.AppStore|x64.ActiveCfg = Release|x64
		{31416A36-CCAF-49AB-9A99-6DB967CFC982}.AppStore|x64.Build.0 = Release|x64
		{31416A36-CCAF-49AB-9A99-6DB967CFC982}.AppStore|x64.Deploy.0 = Release|x64
		{31416A36-CCAF-49AB-9A99-6DB967CFC982}.AppStore|x86.ActiveCfg = Release|x86
		{31416A36-CCAF-49AB-9A99-6DB967CFC982}.AppStore|x86.Build.0 = Release|x86
		{31416A36-CCAF-49AB-9A99-6DB967CFC982}.AppStore|x86.Deploy.0 = Release|x86
		{31416A36-CCAF-49AB-9A99-6DB967CFC982}.Debug|Any CPU.ActiveCfg = Debug|x86
		{31416A36-CCAF-49AB-9A99-6DB967CFC982}.Debug|ARM.ActiveCfg = Debug|ARM
		{31416A36-CCAF-49AB-9A99-6DB967CFC982}.Debug|ARM.Build.0 = Debug|ARM
		{31416A36-CCAF-49AB-9A99-6DB967CFC982}.Debug|ARM.Deploy.0 = Debug|ARM
		{31416A36-CCAF-49AB-9A99-6DB967CFC982}.Debug|iPhone.ActiveCfg = Debug|x86
		{31416A36-CCAF-49AB-9A99-6DB967CFC982}.Debug|iPhoneSimulator.ActiveCfg = Debug|x86
		{31416A36-CCAF-49AB-9A99-6DB967CFC982}.Debug|x64.ActiveCfg = Debug|x64
		{31416A36-CCAF-49AB-9A99-6DB967CFC982}.Debug|x64.Build.0 = Debug|x64
		{31416A36-CCAF-49AB-9A99-6DB967CFC982}.Debug|x64.Deploy.0 = Debug|x64
		{31416A36-CCAF-49AB-9A99-6DB967CFC982}.Debug|x86.ActiveCfg = Debug|x86
		{31416A36-CCAF-49AB-9A99-6DB967CFC982}.Debug|x86.Build.0 = Debug|x86
		{31416A36-CCAF-49AB-9A99-6DB967CFC982}.Debug|x86.Deploy.0 = Debug|x86
		{31416A36-CCAF-49AB-9A99-6DB967CFC982}.Release|Any CPU.ActiveCfg = Release|x86
		{31416A36-CCAF-49AB-9A99-6DB967CFC982}.Release|ARM.ActiveCfg = Release|ARM
		{31416A36-CCAF-49AB-9A99-6DB967CFC982}.Release|ARM.Build.0 = Release|ARM
		{31416A36-CCAF-49AB-9A99-6DB967CFC982}.Release|ARM.Deploy.0 = Release|ARM
		{31416A36-CCAF-49AB-9A99-6DB967CFC982}.Release|iPhone.ActiveCfg = Release|x86
		{31416A36-CCAF-49AB-9A99-6DB967CFC982}.Release|iPhoneSimulator.ActiveCfg = Release|x86
		{31416A36-CCAF-49AB-9A99-6DB967CFC982}.Release|x64.ActiveCfg = Release|x64
		{31416A36-CCAF-49AB-9A99-6DB967CFC982}.Release|x64.Build.0 = Release|x64
		{31416A36-CCAF-49AB-9A99-6DB967CFC982}.Release|x64.Deploy.0 = Release|x64
		{31416A36-CCAF-49AB-9A99-6DB967CFC982}.Release|x86.ActiveCfg = Release|x86
		{31416A36-CCAF-49AB-9A99-6DB967CFC982}.Release|x86.Build.0 = Release|x86
		{31416A36-CCAF-49AB-9A99-6DB967CFC982}.Release|x86.Deploy.0 = Release|x86
		{B70BE590-6106-4D80-94E8-81470053B809}.Ad-Hoc|Any CPU.ActiveCfg = Release|Any CPU
		{B70BE590-6106-4D80-94E8-81470053B809}.Ad-Hoc|Any CPU.Build.0 = Release|Any CPU
		{B70BE590-6106-4D80-94E8-81470053B809}.Ad-Hoc|Any CPU.Deploy.0 = Release|Any CPU
		{B70BE590-6106-4D80-94E8-81470053B809}.Ad-Hoc|ARM.ActiveCfg = Release|ARM
		{B70BE590-6106-4D80-94E8-81470053B809}.Ad-Hoc|ARM.Build.0 = Release|ARM
		{B70BE590-6106-4D80-94E8-81470053B809}.Ad-Hoc|ARM.Deploy.0 = Release|ARM
		{B70BE590-6106-4D80-94E8-81470053B809}.Ad-Hoc|iPhone.ActiveCfg = Release|Any CPU
		{B70BE590-6106-4D80-94E8-81470053B809}.Ad-Hoc|iPhone.Build.0 = Release|Any CPU
		{B70BE590-6106-4D80-94E8-81470053B809}.Ad-Hoc|iPhone.Deploy.0 = Release|Any CPU
		{B70BE590-6106-4D80-94E8-81470053B809}.Ad-Hoc|iPhoneSimulator.ActiveCfg = Release|Any CPU
		{B70BE590-6106-4D80-94E8-81470053B809}.Ad-Hoc|iPhoneSimulator.Build.0 = Release|Any CPU
		{B70BE590-6106-4D80-94E8-81470053B809}.Ad-Hoc|iPhoneSimulator.Deploy.0 = Release|Any CPU
		{B70BE590-6106-4D80-94E8-81470053B809}.Ad-Hoc|x64.ActiveCfg = Release|x64
		{B70BE590-6106-4D80-94E8-81470053B809}.Ad-Hoc|x64.Build.0 = Release|x64
		{B70BE590-6106-4D80-94E8-81470053B809}.Ad-Hoc|x64.Deploy.0 = Release|x64
		{B70BE590-6106-4D80-94E8-81470053B809}.Ad-Hoc|x86.ActiveCfg = Release|x86
		{B70BE590-6106-4D80-94E8-81470053B809}.Ad-Hoc|x86.Build.0 = Release|x86
		{B70BE590-6106-4D80-94E8-81470053B809}.Ad-Hoc|x86.Deploy.0 = Release|x86
		{B70BE590-6106-4D80-94E8-81470053B809}.AppStore|Any CPU.ActiveCfg = Release|Any CPU
		{B70BE590-6106-4D80-94E8-81470053B809}.AppStore|Any CPU.Build.0 = Release|Any CPU
		{B70BE590-6106-4D80-94E8-81470053B809}.AppStore|Any CPU.Deploy.0 = Release|Any CPU
		{B70BE590-6106-4D80-94E8-81470053B809}.AppStore|ARM.ActiveCfg = Release|ARM
		{B70BE590-6106-4D80-94E8-81470053B809}.AppStore|ARM.Build.0 = Release|ARM
		{B70BE590-6106-4D80-94E8-81470053B809}.AppStore|ARM.Deploy.0 = Release|ARM
		{B70BE590-6106-4D80-94E8-81470053B809}.AppStore|iPhone.ActiveCfg = Release|Any CPU
		{B70BE590-6106-4D80-94E8-81470053B809}.AppStore|iPhone.Build.0 = Release|Any CPU
		{B70BE590-6106-4D80-94E8-81470053B809}.AppStore|iPhone.Deploy.0 = Release|Any CPU
		{B70BE590-6106-4D80-94E8-81470053B809}.AppStore|iPhoneSimulator.ActiveCfg = Release|Any CPU
		{B70BE590-6106-4D80-94E8-81470053B809}.AppStore|iPhoneSimulator.Build.0 = Release|Any CPU
		{B70BE590-6106-4D80-94E8-81470053B809}.AppStore|iPhoneSimulator.Deploy.0 = Release|Any CPU
		{B70BE590-6106-4D80-94E8-81470053B809}.AppStore|x64.ActiveCfg = Release|x64
		{B70BE590-6106-4D80-94E8-81470053B809}.AppStore|x64.Build.0 = Release|x64
		{B70BE590-6106-4D80-94E8-81470053B809}.AppStore|x64.Deploy.0 = Release|x64
		{B70BE590-6106-4D80-94E8-81470053B809}.AppStore|x86.ActiveCfg = Release|x86
		{B70BE590-6106-4D80-94E8-81470053B809}.AppStore|x86.Build.0 = Release|x86
		{B70BE590-6106-4D80-94E8-81470053B809}.AppStore|x86.Deploy.0 = Release|x86
		{B70BE590-6106-4D80-94E8-81470053B809}.Debug|Any CPU.ActiveCfg = Debug|Any CPU
		{B70BE590-6106-4D80-94E8-81470053B809}.Debug|Any CPU.Build.0 = Debug|Any CPU
		{B70BE590-6106-4D80-94E8-81470053B809}.Debug|Any CPU.Deploy.0 = Debug|Any CPU
		{B70BE590-6106-4D80-94E8-81470053B809}.Debug|ARM.ActiveCfg = Debug|ARM
		{B70BE590-6106-4D80-94E8-81470053B809}.Debug|ARM.Build.0 = Debug|ARM
		{B70BE590-6106-4D80-94E8-81470053B809}.Debug|ARM.Deploy.0 = Debug|ARM
		{B70BE590-6106-4D80-94E8-81470053B809}.Debug|iPhone.ActiveCfg = Debug|Any CPU
		{B70BE590-6106-4D80-94E8-81470053B809}.Debug|iPhone.Build.0 = Debug|Any CPU
		{B70BE590-6106-4D80-94E8-81470053B809}.Debug|iPhone.Deploy.0 = Debug|Any CPU
		{B70BE590-6106-4D80-94E8-81470053B809}.Debug|iPhoneSimulator.ActiveCfg = Debug|Any CPU
		{B70BE590-6106-4D80-94E8-81470053B809}.Debug|iPhoneSimulator.Build.0 = Debug|Any CPU
		{B70BE590-6106-4D80-94E8-81470053B809}.Debug|iPhoneSimulator.Deploy.0 = Debug|Any CPU
		{B70BE590-6106-4D80-94E8-81470053B809}.Debug|x64.ActiveCfg = Debug|x64
		{B70BE590-6106-4D80-94E8-81470053B809}.Debug|x64.Build.0 = Debug|x64
		{B70BE590-6106-4D80-94E8-81470053B809}.Debug|x64.Deploy.0 = Debug|x64
		{B70BE590-6106-4D80-94E8-81470053B809}.Debug|x86.ActiveCfg = Debug|x86
		{B70BE590-6106-4D80-94E8-81470053B809}.Debug|x86.Build.0 = Debug|x86
		{B70BE590-6106-4D80-94E8-81470053B809}.Debug|x86.Deploy.0 = Debug|x86
		{B70BE590-6106-4D80-94E8-81470053B809}.Release|Any CPU.ActiveCfg = Release|Any CPU
		{B70BE590-6106-4D80-94E8-81470053B809}.Release|Any CPU.Build.0 = Release|Any CPU
		{B70BE590-6106-4D80-94E8-81470053B809}.Release|Any CPU.Deploy.0 = Release|Any CPU
		{B70BE590-6106-4D80-94E8-81470053B809}.Release|ARM.ActiveCfg = Release|ARM
		{B70BE590-6106-4D80-94E8-81470053B809}.Release|ARM.Build.0 = Release|ARM
		{B70BE590-6106-4D80-94E8-81470053B809}.Release|ARM.Deploy.0 = Release|ARM
		{B70BE590-6106-4D80-94E8-81470053B809}.Release|iPhone.ActiveCfg = Release|Any CPU
		{B70BE590-6106-4D80-94E8-81470053B809}.Release|iPhone.Build.0 = Release|Any CPU
		{B70BE590-6106-4D80-94E8-81470053B809}.Release|iPhone.Deploy.0 = Release|Any CPU
		{B70BE590-6106-4D80-94E8-81470053B809}.Release|iPhoneSimulator.ActiveCfg = Release|Any CPU
		{B70BE590-6106-4D80-94E8-81470053B809}.Release|iPhoneSimulator.Build.0 = Release|Any CPU
		{B70BE590-6106-4D80-94E8-81470053B809}.Release|iPhoneSimulator.Deploy.0 = Release|Any CPU
		{B70BE590-6106-4D80-94E8-81470053B809}.Release|x64.ActiveCfg = Release|x64
		{B70BE590-6106-4D80-94E8-81470053B809}.Release|x64.Build.0 = Release|x64
		{B70BE590-6106-4D80-94E8-81470053B809}.Release|x64.Deploy.0 = Release|x64
		{B70BE590-6106-4D80-94E8-81470053B809}.Release|x86.ActiveCfg = Release|x86
		{B70BE590-6106-4D80-94E8-81470053B809}.Release|x86.Build.0 = Release|x86
		{B70BE590-6106-4D80-94E8-81470053B809}.Release|x86.Deploy.0 = Release|x86
	EndGlobalSection
	GlobalSection(SolutionProperties) = preSolution
		HideSolutionNode = FALSE
	EndGlobalSection
EndGlobal
